
Microsoft Visual Studio Solution File, Format Version 12.00
# Visual Studio Version 16
VisualStudioVersion = 16.0.30114.105
MinimumVisualStudioVersion = 10.0.40219.1
Project("{FAE04EC0-301F-11D3-BF4B-00C04F79EFBC}") = "TimerExample", "TimerExample\TimerExample.csproj", "{291A7BD7-51D6-4E2E-B5C5-99476587AB03}"
EndProject
Global
	GlobalSection(SolutionConfigurationPlatforms) = preSolution
		Debug|Any CPU = Debug|Any CPU
		Release|Any CPU = Release|Any CPU
	EndGlobalSection
	GlobalSection(ProjectConfigurationPlatforms) = postSolution
		{291A7BD7-51D6-4E2E-B5C5-99476587AB03}.Debug|Any CPU.ActiveCfg = Debug|Any CPU
		{291A7BD7-51D6-4E2E-B5C5-99476587AB03}.Debug|Any CPU.Build.0 = Debug|Any CPU
		{291A7BD7-51D6-4E2E-B5C5-99476587AB03}.Release|Any CPU.ActiveCfg = Release|Any CPU
		{291A7BD7-51D6-4E2E-B5C5-99476587AB03}.Release|Any CPU.Build.0 = Release|Any CPU
	EndGlobalSection
	GlobalSection(SolutionProperties) = preSolution
		HideSolutionNode = FALSE
	EndGlobalSection
	GlobalSection(ExtensibilityGlobals) = postSolution
		SolutionGuid = {CBD35CF1-C095-4F2C-A8AF-F5850D2F2144}
	EndGlobalSection
EndGlobal
